{
  "name": "support-bind-operator",
  "version": "1.0.0",
  "lockfileVersion": 3,
  "requires": true,
  "packages": {
    "": {
      "name": "support-bind-operator",
      "version": "1.0.0",
      "license": "MIT",
      "dependencies": {
        "array-pad": "^0.0.1",
        "fast-path-set": "^1.0.1",
        "ffn": "^2.1.0",
        "is-global-object": "^1.0.0",
        "is-nil": "^1.0.1",
        "is-object": "^1.0.2",
        "ofn": "^1.0.0",
        "plainify": "^1.0.0",
        "wfn": "^1.0.0"
      }
    },
    "node_modules/array-pad": {
      "version": "0.0.1",
      "resolved": "https://registry.npmjs.org/array-pad/-/array-pad-0.0.1.tgz",
      "integrity": "sha512-uVzGjO5dqUHanQoCWJFEsf4boWOagEGQAx4HY67s0mYYmzo1eXnV12SOpH9v1lNfop6bUyBUI+IJlOofMUgZAg==",
      "license": "MIT"
    },
    "node_modules/copy-own": {
      "version": "1.2.0",
      "resolved": "https://registry.npmjs.org/copy-own/-/copy-own-1.2.0.tgz",
      "integrity": "sha512-YBWaRsqGUKW65je5Wr1gjaSmbIzioa/T8itzCBIqp8UXjNjvJKMTJv9jRx15xdGisl2ZJEGZDudkgnGDgpWSEA==",
      "license": "MIT",
      "engines": {
        "node": ">=6.0.0"
      }
    },
    "node_modules/english-list": {
      "version": "1.0.0",
      "resolved": "https://registry.npmjs.org/english-list/-/english-list-1.0.0.tgz",
      "integrity": "sha512-bymeFA1uVYM4Bt4aLvV36X9iYk7GrG2IN1HmL1CTueRSYJLYQTXJjbqOyUGmYgfrrS3fxqs1iEU/bIiHLuneRA==",
      "license": "MIT"
    },
    "node_modules/fast-path-set": {
      "version": "1.0.1",
      "resolved": "https://registry.npmjs.org/fast-path-set/-/fast-path-set-1.0.1.tgz",
      "integrity": "sha512-HG2tXkyO+TZqWRPrZYBYf3pIQlfu6FPDlfTVcCQrT7ynsTnWMSzsPG3LdB5Z3t/9Bd2LHqYXWNA/jMjx6g6Bxg==",
      "license": "MIT"
    },
    "node_modules/ffn": {
      "version": "2.1.0",
      "resolved": "https://registry.npmjs.org/ffn/-/ffn-2.1.0.tgz",
      "integrity": "sha512-4RAYssW5tXRqsXfRRMLYZN5ze+JBBCaLhgv5sBQYyMturfeU+CAYnYIz7TS7Qzv9wgBAkvQF8w6XtIWTfHM26w==",
      "license": "MIT",
      "engines": {
        "node": ">=6.0.0"
      }
    },
    "node_modules/has-duplicates": {
      "version": "1.0.0",
      "resolved": "https://registry.npmjs.org/has-duplicates/-/has-duplicates-1.0.0.tgz",
      "integrity": "sha512-hZQnmfSBopwmRuMMvX64DBUDc/yp67J8CVhazVXV+ARa0L3r8suf1g4iS2oDsWHld0JE5G6yeNQsqCJ7CQ4JqA==",
      "license": "MIT",
      "engines": {
        "node": ">=0.12.0"
      }
    },
    "node_modules/is-global-object": {
      "version": "1.0.0",
      "resolved": "https://registry.npmjs.org/is-global-object/-/is-global-object-1.0.0.tgz",
      "integrity": "sha512-THgJ/n1Ndja7FZ6YksPlhcLsl1Z34LfYT1maxuKYtt4CT/apnFwhlb2U+HVm8u9tySJL12NPV+u4USUJ4p0GRQ==",
      "license": "MIT",
      "engines": {
        "node": ">=4.0.0"
      }
    },
    "node_modules/is-nil": {
      "version": "1.0.1",
      "resolved": "https://registry.npmjs.org/is-nil/-/is-nil-1.0.1.tgz",
      "integrity": "sha512-m2Rm8PhUFDNNhgvwZJjJG74a9h5CHU0fkA8WT+WGlCjyEbZ2jPwgb+ZxHu4np284EqNVyOsgppReK4qy/TwEwg==",
      "license": "MIT"
    },
    "node_modules/is-object": {
      "version": "1.0.2",
      "resolved": "https://registry.npmjs.org/is-object/-/is-object-1.0.2.tgz",
      "integrity": "sha512-2rRIahhZr2UWb45fIOuvZGpFtz0TyOZLf32KxBbSoUCeZR495zCKlWUKKUByk3geS2eAs7ZAABt0Y/Rx0GiQGA==",
      "license": "MIT",
      "funding": {
        "url": "https://github.com/sponsors/ljharb"
      }
    },
    "node_modules/is-plain-object": {
      "version": "2.0.4",
      "resolved": "https://registry.npmjs.org/is-plain-object/-/is-plain-object-2.0.4.tgz",
      "integrity": "sha512-h5PpgXkWitc38BBMYawTYMWJHFZJVnBquFE57xFpjB8pJFiF6gZ+bU+WyI/yqXiFR5mdLsgYNaPe8uao6Uv9Og==",
      "license": "MIT",
      "dependencies": {
        "isobject": "^3.0.1"
      },
      "engines": {
        "node": ">=0.10.0"
      }
    },
    "node_modules/isobject": {
      "version": "3.0.1",
      "resolved": "https://registry.npmjs.org/isobject/-/isobject-3.0.1.tgz",
      "integrity": "sha512-WhB9zCku7EGTj/HQQRz5aUQEUeoQZH2bWcltRErOpymJ4boYE6wL9Tbr23krRPSZ+C5zqNSrSw+Cc7sZZ4b7vg==",
      "license": "MIT",
      "engines": {
        "node": ">=0.10.0"
      }
    },
    "node_modules/ofn": {
      "version": "1.0.0",
      "resolved": "https://registry.npmjs.org/ofn/-/ofn-1.0.0.tgz",
      "integrity": "sha512-jcPbdrxmZ9BHCI6wuSR33picFQKORWuSQICXpU0XoeSMJ32sRMUdBNUHYgMl35pJoMB/UoW0q5TA7uWLp0nn8Q==",
      "license": "MIT",
      "dependencies": {
        "has-duplicates": "^1.0.0",
        "wfn": "^1.0.0"
      },
      "engines": {
        "node": ">=6.0.0"
      }
    },
    "node_modules/plainify": {
      "version": "1.0.0",
      "resolved": "https://registry.npmjs.org/plainify/-/plainify-1.0.0.tgz",
      "integrity": "sha512-z/JXOByYzJ7xs6MA3FLPhM7oS53SMrZWJCUdUlOBcq7e/X3kkxHmNNO1QEEtDnSZ8ZN4xIY0drALlCjLEVtIWA==",
      "license": "MIT",
      "dependencies": {
        "is-plain-object": "^2.0.4"
      },
      "engines": {
        "node": ">=4.0.0"
      }
    },
    "node_modules/sorp": {
      "version": "1.0.0",
      "resolved": "https://registry.npmjs.org/sorp/-/sorp-1.0.0.tgz",
      "integrity": "sha512-iTeBVYTnKO4bsj4so0MnmCcIlIclZ2yWD37iudIFy0m9aRXvZVOf0r1JRvyUmj59UUtr+AUwC0TamseLmSDZgw==",
      "license": "MIT",
      "engines": {
        "node": ">=4.0.0"
      }
    },
    "node_modules/wfn": {
      "version": "1.0.0",
      "resolved": "https://registry.npmjs.org/wfn/-/wfn-1.0.0.tgz",
      "integrity": "sha512-oqi69SrZYlW66I/Bz4iJQ7V4E/uB0o776fW7KWbGaweTHvrtDUuemPkyEt7MgQeSnUs30NTSyqcbO4TT7/8SOw==",
      "license": "MIT",
      "dependencies": {
        "copy-own": "^1.0.0",
        "english-list": "^1.0.0",
        "sorp": "^1.0.0"
      },
      "engines": {
        "node": ">=6.0.0"
      }
    }
  }
}
